
Microsoft Visual Studio Solution File, Format Version 12.00
# Visual Studio Version 17
VisualStudioVersion = 17.14.36414.22 d17.14
MinimumVisualStudioVersion = 10.0.40219.1
Project("{FAE04EC0-301F-11D3-BF4B-00C04F79EFBC}") = "MunicipalServiceApp-PROG7312", "MunicipalServiceApp-PROG7312.csproj", "{1D7F1BED-4958-40C1-AD8D-771304F6DBED}"
EndProject
Global
	GlobalSection(SolutionConfigurationPlatforms) = preSolution
		Debug|Any CPU = Debug|Any CPU
		Release|Any CPU = Release|Any CPU
	EndGlobalSection
	GlobalSection(ProjectConfigurationPlatforms) = postSolution
		{1D7F1BED-4958-40C1-AD8D-771304F6DBED}.Debug|Any CPU.ActiveCfg = Debug|Any CPU
		{1D7F1BED-4958-40C1-AD8D-771304F6DBED}.Debug|Any CPU.Build.0 = Debug|Any CPU
		{1D7F1BED-4958-40C1-AD8D-771304F6DBED}.Release|Any CPU.ActiveCfg = Release|Any CPU
		{1D7F1BED-4958-40C1-AD8D-771304F6DBED}.Release|Any CPU.Build.0 = Release|Any CPU
	EndGlobalSection
	GlobalSection(SolutionProperties) = preSolution
		HideSolutionNode = FALSE
	EndGlobalSection
	GlobalSection(ExtensibilityGlobals) = postSolution
		SolutionGuid = {64A1C6C7-CAE4-4871-BDEA-BC138048D470}
	EndGlobalSection
EndGlobal
